{
  "nodes": {
    "ags": {
      "inputs": {
        "nixpkgs": [
          "nixpkgs"
        ],
        "systems": "systems"
      },
      "locked": {
        "lastModified": 1727303518,
        "narHash": "sha256-lO5JMynTxNZxg/+E4/Y9reeLGIz/M8cEue+Re4cP6qo=",
        "owner": "Aylur",
        "repo": "ags",
        "rev": "cd543afec4d9ed708990e5ba52184716809bf248",
        "type": "github"
      },
      "original": {
        "owner": "Aylur",
        "repo": "ags",
        "type": "github"
      }
    },
    "catppuccin": {
      "locked": {
        "lastModified": 1726952185,
        "narHash": "sha256-l/HbsQjJMT6tlf8KCooFYi3J6wjIips3n6/aWAoLY4g=",
        "owner": "catppuccin",
        "repo": "nix",
        "rev": "630b559cc1cb4c0bdd525af506935323e4ccd5d1",
        "type": "github"
      },
      "original": {
        "owner": "catppuccin",
        "repo": "nix",
        "type": "github"
      }
    },
    "disko": {
      "inputs": {
        "nixpkgs": [
          "nixpkgs"
        ]
      },
      "locked": {
        "lastModified": 1727531434,
        "narHash": "sha256-b+GBgCWd2N6pkiTkRZaMFOPztPO4IVTaclYPrQl2uLk=",
        "owner": "nix-community",
        "repo": "disko",
        "rev": "b709e1cc33fcde71c7db43850a55ebe6449d0959",
        "type": "github"
      },
      "original": {
        "owner": "nix-community",
        "repo": "disko",
        "type": "github"
      }
    },
    "firefox-addons": {
      "inputs": {
        "flake-utils": "flake-utils",
        "nixpkgs": [
          "nixpkgs"
        ]
      },
      "locked": {
        "dir": "pkgs/firefox-addons",
        "lastModified": 1727603668,
        "narHash": "sha256-E+D2UpQLqI2MXhtcBNVYuQnOAg6NAPLJIz1Kgl280ls=",
        "owner": "rycee",
        "repo": "nur-expressions",
        "rev": "589f99a0ce89acdf11c9f30a5175e065ae4340db",
        "type": "gitlab"
      },
      "original": {
        "dir": "pkgs/firefox-addons",
        "owner": "rycee",
        "repo": "nur-expressions",
        "type": "gitlab"
      }
    },
    "flake-utils": {
      "locked": {
        "lastModified": 1629284811,
        "narHash": "sha256-JHgasjPR0/J1J3DRm4KxM4zTyAj4IOJY8vIl75v/kPI=",
        "owner": "numtide",
        "repo": "flake-utils",
        "rev": "c5d161cc0af116a2e17f54316f0bf43f0819785c",
        "type": "github"
      },
      "original": {
        "owner": "numtide",
        "repo": "flake-utils",
        "type": "github"
      }
    },
    "home-manager": {
      "inputs": {
        "nixpkgs": [
          "nixpkgs"
        ]
      },
      "locked": {
        "lastModified": 1727383923,
        "narHash": "sha256-4/vacp3CwdGoPf8U4e/N8OsGYtO09WTcQK5FqYfJbKs=",
        "owner": "nix-community",
        "repo": "home-manager",
        "rev": "ffe2d07e771580a005e675108212597e5b367d2d",
        "type": "github"
      },
      "original": {
        "owner": "nix-community",
        "ref": "master",
        "repo": "home-manager",
        "type": "github"
      }
    },
    "nixCats": {
      "inputs": {
        "nixCats": "nixCats_2",
        "nixpkgs": [
          "nixpkgs"
        ],
        "plugins-care-cmp": "plugins-care-cmp",
        "plugins-care-nvim": "plugins-care-nvim",
        "plugins-friendly-snippets": "plugins-friendly-snippets",
        "plugins-fzy-lua-native": "plugins-fzy-lua-native",
        "plugins-lz-n": "plugins-lz-n",
        "plugins-telescope-luasnip": "plugins-telescope-luasnip"
      },
      "locked": {
        "lastModified": 1,
        "narHash": "sha256-ZScNKdlQsnj4IS/DZf9dIby3kFmFs8unMgJptVhBp3M=",
        "path": "./home/Liqyid/common/core/nvim",
        "type": "path"
      },
      "original": {
        "path": "./home/Liqyid/common/core/nvim",
        "type": "path"
      }
    },
    "nixCats_2": {
      "locked": {
        "dir": "nix",
        "lastModified": 1726523552,
        "narHash": "sha256-RqOJeQlX2+H5j+RdFzTc7QSf4/qK4Oe01KpE2713Cws=",
        "owner": "BirdeeHub",
        "repo": "nixCats-nvim",
        "rev": "2b455dab0eee7484ce7c956dccda0a7c2111c18b",
        "type": "github"
      },
      "original": {
        "dir": "nix",
        "owner": "BirdeeHub",
        "repo": "nixCats-nvim",
        "type": "github"
      }
    },
    "nixpkgs": {
      "locked": {
        "lastModified": 1727348695,
        "narHash": "sha256-J+PeFKSDV+pHL7ukkfpVzCOO7mBSrrpJ3svwBFABbhI=",
        "owner": "nixos",
        "repo": "nixpkgs",
        "rev": "1925c603f17fc89f4c8f6bf6f631a802ad85d784",
        "type": "github"
      },
      "original": {
        "owner": "nixos",
        "ref": "nixos-unstable",
        "repo": "nixpkgs",
        "type": "github"
      }
    },
    "nixpkgs-stable": {
      "locked": {
        "lastModified": 1725762081,
        "narHash": "sha256-vNv+aJUW5/YurRy1ocfvs4q/48yVESwlC/yHzjkZSP8=",
        "owner": "NixOS",
        "repo": "nixpkgs",
        "rev": "dc454045f5b5d814e5862a6d057e7bb5c29edc05",
        "type": "github"
      },
      "original": {
        "owner": "NixOS",
        "ref": "release-24.05",
        "repo": "nixpkgs",
        "type": "github"
      }
    },
    "plugins-care-cmp": {
      "flake": false,
      "locked": {
        "lastModified": 1726153673,
        "narHash": "sha256-tRZdGMxkmI9uWf9AjctiQPjKcEFAfkCHhhxz4D2x7EE=",
        "owner": "max397574",
        "repo": "care-cmp",
        "rev": "72cbb457e2ff246fd672d524270effe46f92ce4f",
        "type": "github"
      },
      "original": {
        "owner": "max397574",
        "repo": "care-cmp",
        "type": "github"
      }
    },
    "plugins-care-nvim": {
      "flake": false,
      "locked": {
        "lastModified": 1726510764,
        "narHash": "sha256-W5dNXdTgwSNW8O6dR5SSsk444H0NDFpA2rbNOnPB4sw=",
        "owner": "max397574",
        "repo": "care.nvim",
        "rev": "800741c255939c0f345239662ec268557ac3eefa",
        "type": "github"
      },
      "original": {
        "owner": "max397574",
        "repo": "care.nvim",
        "type": "github"
      }
    },
    "plugins-friendly-snippets": {
      "flake": false,
      "locked": {
        "lastModified": 1727061933,
        "narHash": "sha256-yTsuV5unoujY0mhLINssYYBWCeefe+nJaxQHJKm7hlk=",
        "owner": "rafamadriz",
        "repo": "friendly-snippets",
        "rev": "00ba9dd3df89509f95437b8d595553707c46d5ea",
        "type": "github"
      },
      "original": {
        "owner": "rafamadriz",
        "repo": "friendly-snippets",
        "type": "github"
      }
    },
    "plugins-fzy-lua-native": {
      "flake": false,
      "locked": {
        "lastModified": 1686234741,
        "narHash": "sha256-Ja4xNGruETSU1nq+r+hkJiFpnMbmL9m2JIKC6gHFGf4=",
        "owner": "romgrk",
        "repo": "fzy-lua-native",
        "rev": "820f745b7c442176bcc243e8f38ef4b985febfaf",
        "type": "github"
      },
      "original": {
        "owner": "romgrk",
        "repo": "fzy-lua-native",
        "type": "github"
      }
    },
    "plugins-lz-n": {
      "flake": false,
      "locked": {
        "lastModified": 1726969934,
        "narHash": "sha256-QHv/dJndEunrga/jE5ypoqLf1DK40j9wX6rbnZGiK6M=",
        "owner": "nvim-neorocks",
        "repo": "lz.n",
        "rev": "1328e16a4be33307ef8fa0c50c32cd38239d74a4",
        "type": "github"
      },
      "original": {
        "owner": "nvim-neorocks",
        "repo": "lz.n",
        "type": "github"
      }
    },
    "plugins-telescope-luasnip": {
      "flake": false,
      "locked": {
        "lastModified": 1717879659,
        "narHash": "sha256-jzLzucF2rAa3nkHE5n4g2StkSUjMOMK93JCH/g09DQY=",
        "owner": "benfowler",
        "repo": "telescope-luasnip.nvim",
        "rev": "11668478677de360dea45cf2b090d34f21b8ae07",
        "type": "github"
      },
      "original": {
        "owner": "benfowler",
        "repo": "telescope-luasnip.nvim",
        "type": "github"
      }
    },
    "root": {
      "inputs": {
        "ags": "ags",
        "catppuccin": "catppuccin",
        "disko": "disko",
        "firefox-addons": "firefox-addons",
        "home-manager": "home-manager",
        "nixCats": "nixCats",
        "nixpkgs": "nixpkgs",
        "sops-nix": "sops-nix"
      }
    },
    "sops-nix": {
      "inputs": {
        "nixpkgs": [
          "nixpkgs"
        ],
        "nixpkgs-stable": "nixpkgs-stable"
      },
      "locked": {
        "lastModified": 1727423009,
        "narHash": "sha256-+4B/dQm2EnORIk0k2wV3aHGaE0WXTBjColXjj7qWh10=",
        "owner": "Mic92",
        "repo": "sops-nix",
        "rev": "127a96f49ddc377be6ba76964411bab11ae27803",
        "type": "github"
      },
      "original": {
        "owner": "Mic92",
        "repo": "sops-nix",
        "type": "github"
      }
    },
    "systems": {
      "locked": {
        "lastModified": 1689347949,
        "narHash": "sha256-12tWmuL2zgBgZkdoB6qXZsgJEH9LR3oUgpaQq2RbI80=",
        "owner": "nix-systems",
        "repo": "default-linux",
        "rev": "31732fcf5e8fea42e59c2488ad31a0e651500f68",
        "type": "github"
      },
      "original": {
        "owner": "nix-systems",
        "repo": "default-linux",
        "type": "github"
      }
    }
  },
  "root": "root",
  "version": 7
}
